
Microsoft Visual Studio Solution File, Format Version 12.00
# Visual Studio Version 17
VisualStudioVersion = 17.7.34009.444
MinimumVisualStudioVersion = 10.0.40219.1
Project("{9A19103F-16F7-4668-BE54-9A1E7A4F7556}") = "ImportExcel", "ImportExcel\ImportExcel.csproj", "{0A2F63B3-527B-4725-B316-6495EC846F1C}"
EndProject
Project("{FAE04EC0-301F-11D3-BF4B-00C04F79EFBC}") = "DAL", "DAL\DAL.csproj", "{96DF0546-D88B-4B1F-8D11-F529C30B1150}"
EndProject
Project("{FAE04EC0-301F-11D3-BF4B-00C04F79EFBC}") = "DomainEntity", "DomainEntity\DomainEntity.csproj", "{A0B3602F-34EB-403C-917E-A944451421DA}"
EndProject
Project("{FAE04EC0-301F-11D3-BF4B-00C04F79EFBC}") = "DTOs", "DTOs\DTOs.csproj", "{31E8CA62-D7E7-4E4F-AC6B-DC5CC85068ED}"
EndProject
Global
	GlobalSection(SolutionConfigurationPlatforms) = preSolution
		Debug|Any CPU = Debug|Any CPU
		Release|Any CPU = Release|Any CPU
	EndGlobalSection
	GlobalSection(ProjectConfigurationPlatforms) = postSolution
		{0A2F63B3-527B-4725-B316-6495EC846F1C}.Debug|Any CPU.ActiveCfg = Debug|Any CPU
		{0A2F63B3-527B-4725-B316-6495EC846F1C}.Debug|Any CPU.Build.0 = Debug|Any CPU
		{0A2F63B3-527B-4725-B316-6495EC846F1C}.Release|Any CPU.ActiveCfg = Release|Any CPU
		{0A2F63B3-527B-4725-B316-6495EC846F1C}.Release|Any CPU.Build.0 = Release|Any CPU
		{96DF0546-D88B-4B1F-8D11-F529C30B1150}.Debug|Any CPU.ActiveCfg = Debug|Any CPU
		{96DF0546-D88B-4B1F-8D11-F529C30B1150}.Debug|Any CPU.Build.0 = Debug|Any CPU
		{96DF0546-D88B-4B1F-8D11-F529C30B1150}.Release|Any CPU.ActiveCfg = Release|Any CPU
		{96DF0546-D88B-4B1F-8D11-F529C30B1150}.Release|Any CPU.Build.0 = Release|Any CPU
		{A0B3602F-34EB-403C-917E-A944451421DA}.Debug|Any CPU.ActiveCfg = Debug|Any CPU
		{A0B3602F-34EB-403C-917E-A944451421DA}.Debug|Any CPU.Build.0 = Debug|Any CPU
		{A0B3602F-34EB-403C-917E-A944451421DA}.Release|Any CPU.ActiveCfg = Release|Any CPU
		{A0B3602F-34EB-403C-917E-A944451421DA}.Release|Any CPU.Build.0 = Release|Any CPU
		{31E8CA62-D7E7-4E4F-AC6B-DC5CC85068ED}.Debug|Any CPU.ActiveCfg = Debug|Any CPU
		{31E8CA62-D7E7-4E4F-AC6B-DC5CC85068ED}.Debug|Any CPU.Build.0 = Debug|Any CPU
		{31E8CA62-D7E7-4E4F-AC6B-DC5CC85068ED}.Release|Any CPU.ActiveCfg = Release|Any CPU
		{31E8CA62-D7E7-4E4F-AC6B-DC5CC85068ED}.Release|Any CPU.Build.0 = Release|Any CPU
	EndGlobalSection
	GlobalSection(SolutionProperties) = preSolution
		HideSolutionNode = FALSE
	EndGlobalSection
	GlobalSection(ExtensibilityGlobals) = postSolution
		SolutionGuid = {F44EC795-5BB8-432E-812E-B25E97374EF8}
	EndGlobalSection
EndGlobal
