
Microsoft Visual Studio Solution File, Format Version 12.00
# Visual Studio Version 17
VisualStudioVersion = 17.7.34009.444
MinimumVisualStudioVersion = 10.0.40219.1
Project("{FAE04EC0-301F-11D3-BF4B-00C04F79EFBC}") = "ImportExcel", "ImportExcel\ImportExcel.csproj", "{0A2F63B3-527B-4725-B316-6495EC846F1C}"
EndProject
Global
	GlobalSection(SolutionConfigurationPlatforms) = preSolution
		Debug|Any CPU = Debug|Any CPU
		Release|Any CPU = Release|Any CPU
	EndGlobalSection
	GlobalSection(ProjectConfigurationPlatforms) = postSolution
		{0A2F63B3-527B-4725-B316-6495EC846F1C}.Debug|Any CPU.ActiveCfg = Debug|Any CPU
		{0A2F63B3-527B-4725-B316-6495EC846F1C}.Debug|Any CPU.Build.0 = Debug|Any CPU
		{0A2F63B3-527B-4725-B316-6495EC846F1C}.Release|Any CPU.ActiveCfg = Release|Any CPU
		{0A2F63B3-527B-4725-B316-6495EC846F1C}.Release|Any CPU.Build.0 = Release|Any CPU
	EndGlobalSection
	GlobalSection(SolutionProperties) = preSolution
		HideSolutionNode = FALSE
	EndGlobalSection
	GlobalSection(ExtensibilityGlobals) = postSolution
		SolutionGuid = {F44EC795-5BB8-432E-812E-B25E97374EF8}
	EndGlobalSection
EndGlobal
